<?xml version="1.0" encoding="utf-8"?>
<Project ToolsVersion="4.0" xmlns="http://schemas.microsoft.com/developer/msbuild/2003">
  <ItemGroup>
    <Filter Include="Source Files">
      <UniqueIdentifier>{bf6dced8-b861-4471-bd21-09b2be33006d}</UniqueIdentifier>
      <Extensions>cpp;c;cxx;rc;def;r;odl;idl;hpj;bat</Extensions>
    </Filter>
    <Filter Include="Header Files">
      <UniqueIdentifier>{573e77a4-5544-46cb-90ce-ed45b57b90ae}</UniqueIdentifier>
      <Extensions>h;hpp;hxx;hm;inl</Extensions>
    </Filter>
  </ItemGroup>
  <ItemGroup>
    <ClCompile Include="..\..\expat\lib\xmlparse.c">
      <Filter>Source Files</Filter>
    </ClCompile>
    <ClCompile Include="..\..\expat\lib\xmlrole.c">
      <Filter>Source Files</Filter>
    </ClCompile>
    <ClCompile Include="..\..\expat\lib\xmltok.c">
      <Filter>Source Files</Filter>
    </ClCompile>
  </ItemGroup>
  <ItemGroup>
    <ClInclude Include="..\..\expat\lib\ascii.h">
      <Filter>Header Files</Filter>
    </ClInclude>
    <ClInclude Include="..\..\expat\lib\asciitab.h">
      <Filter>Header Files</Filter>
    </ClInclude>
    <ClInclude Include="..\..\expat\lib\expat.h">
      <Filter>Header Files</Filter>
    </ClInclude>
    <ClInclude Include="..\..\expat\lib\expat_external.h">
      <Filter>Header Files</Filter>
    </ClInclude>
    <ClInclude Include="..\..\expat\lib\iasciitab.h">
      <Filter>Header Files</Filter>
    </ClInclude>
    <ClInclude Include="..\..\expat\lib\internal.h">
      <Filter>Header Files</Filter>
    </ClInclude>
    <ClInclude Include="..\..\expat\lib\latin1tab.h">
      <Filter>Header Files</Filter>
    </ClInclude>
    <ClInclude Include="..\..\expat\lib\nametab.h">
      <Filter>Header Files</Filter>
    </ClInclude>
    <ClInclude Include="..\..\expat\lib\utf8tab.h">
      <Filter>Header Files</Filter>
    </ClInclude>
    <ClInclude Include="..\..\expat\lib\xmlrole.h">
      <Filter>Header Files</Filter>
    </ClInclude>
    <ClInclude Include="..\..\expat\lib\xmltok.h">
      <Filter>Header Files</Filter>
    </ClInclude>
    <ClInclude Include="..\..\expat\lib\xmltok_impl.h">
      <Filter>Header Files</Filter>
    </ClInclude>
  </ItemGroup>
</Project>