<?xml version="1.0" encoding="utf-8"?>
<Project ToolsVersion="4.0" xmlns="http://schemas.microsoft.com/developer/msbuild/2003">
  <ItemGroup>
    <Filter Include="Source Files">
      <UniqueIdentifier>{640c86d5-140f-4ca8-971a-2f15eb091439}</UniqueIdentifier>
      <Extensions>cpp;c;cxx;rc;def;r;odl;idl;hpj;bat</Extensions>
    </Filter>
    <Filter Include="Header Files">
      <UniqueIdentifier>{16982948-f2c5-47a4-9b97-eae9df3ce20e}</UniqueIdentifier>
      <Extensions>h;hpp;hxx;hm;inl</Extensions>
    </Filter>
  </ItemGroup>
  <ItemGroup>
    <ClCompile Include="..\..\FreeType\src\autofit\autofit.c">
      <Filter>Source Files</Filter>
    </ClCompile>
    <ClCompile Include="..\..\FreeType\src\bdf\bdf.c">
      <Filter>Source Files</Filter>
    </ClCompile>
    <ClCompile Include="..\..\FreeType\src\cff\cff.c">
      <Filter>Source Files</Filter>
    </ClCompile>
    <ClCompile Include="..\..\FreeType\src\base\ftbase.c">
      <Filter>Source Files</Filter>
    </ClCompile>
    <ClCompile Include="..\..\FreeType\src\base\ftbbox.c">
      <Filter>Source Files</Filter>
    </ClCompile>
    <ClCompile Include="..\..\FreeType\src\base\ftbdf.c">
      <Filter>Source Files</Filter>
    </ClCompile>
    <ClCompile Include="..\..\FreeType\src\base\ftbitmap.c">
      <Filter>Source Files</Filter>
    </ClCompile>
    <ClCompile Include="..\..\FreeType\src\cache\ftcache.c">
      <Filter>Source Files</Filter>
    </ClCompile>
    <ClCompile Include="..\..\FreeType\src\base\ftdebug.c">
      <Filter>Source Files</Filter>
    </ClCompile>
    <ClCompile Include="..\..\FreeType\src\base\ftglyph.c">
      <Filter>Source Files</Filter>
    </ClCompile>
    <ClCompile Include="..\..\FreeType\src\base\ftgxval.c">
      <Filter>Source Files</Filter>
    </ClCompile>
    <ClCompile Include="..\..\FreeType\src\gzip\ftgzip.c">
      <Filter>Source Files</Filter>
    </ClCompile>
    <ClCompile Include="..\..\FreeType\src\base\ftinit.c">
      <Filter>Source Files</Filter>
    </ClCompile>
    <ClCompile Include="..\..\FreeType\src\lzw\ftlzw.c">
      <Filter>Source Files</Filter>
    </ClCompile>
    <ClCompile Include="..\..\FreeType\src\base\ftmm.c">
      <Filter>Source Files</Filter>
    </ClCompile>
    <ClCompile Include="..\..\FreeType\src\base\ftotval.c">
      <Filter>Source Files</Filter>
    </ClCompile>
    <ClCompile Include="..\..\FreeType\src\base\ftpfr.c">
      <Filter>Source Files</Filter>
    </ClCompile>
    <ClCompile Include="..\..\FreeType\src\base\ftstroke.c">
      <Filter>Source Files</Filter>
    </ClCompile>
    <ClCompile Include="..\..\FreeType\src\base\ftsynth.c">
      <Filter>Source Files</Filter>
    </ClCompile>
    <ClCompile Include="..\..\FreeType\src\base\ftsystem.c">
      <Filter>Source Files</Filter>
    </ClCompile>
    <ClCompile Include="..\..\FreeType\src\base\fttype1.c">
      <Filter>Source Files</Filter>
    </ClCompile>
    <ClCompile Include="..\..\FreeType\src\base\ftwinfnt.c">
      <Filter>Source Files</Filter>
    </ClCompile>
    <ClCompile Include="..\..\FreeType\src\base\ftxf86.c">
      <Filter>Source Files</Filter>
    </ClCompile>
    <ClCompile Include="..\..\FreeType\src\pcf\pcf.c">
      <Filter>Source Files</Filter>
    </ClCompile>
    <ClCompile Include="..\..\FreeType\src\pfr\pfr.c">
      <Filter>Source Files</Filter>
    </ClCompile>
    <ClCompile Include="..\..\FreeType\src\psaux\psaux.c">
      <Filter>Source Files</Filter>
    </ClCompile>
    <ClCompile Include="..\..\FreeType\src\pshinter\pshinter.c">
      <Filter>Source Files</Filter>
    </ClCompile>
    <ClCompile Include="..\..\FreeType\src\psnames\psmodule.c">
      <Filter>Source Files</Filter>
    </ClCompile>
    <ClCompile Include="..\..\FreeType\src\raster\raster.c">
      <Filter>Source Files</Filter>
    </ClCompile>
    <ClCompile Include="..\..\FreeType\src\sfnt\sfnt.c">
      <Filter>Source Files</Filter>
    </ClCompile>
    <ClCompile Include="..\..\FreeType\src\smooth\smooth.c">
      <Filter>Source Files</Filter>
    </ClCompile>
    <ClCompile Include="..\..\FreeType\src\truetype\truetype.c">
      <Filter>Source Files</Filter>
    </ClCompile>
    <ClCompile Include="..\..\FreeType\src\type1\type1.c">
      <Filter>Source Files</Filter>
    </ClCompile>
    <ClCompile Include="..\..\FreeType\src\cid\type1cid.c">
      <Filter>Source Files</Filter>
    </ClCompile>
    <ClCompile Include="..\..\FreeType\src\type42\type42.c">
      <Filter>Source Files</Filter>
    </ClCompile>
    <ClCompile Include="..\..\FreeType\src\winfonts\winfnt.c">
      <Filter>Source Files</Filter>
    </ClCompile>
  </ItemGroup>
  <ItemGroup>
    <ClInclude Include="..\..\FreeType\include\ft2build.h">
      <Filter>Header Files</Filter>
    </ClInclude>
    <ClInclude Include="..\..\FreeType\include\freetype\config\ftconfig.h">
      <Filter>Header Files</Filter>
    </ClInclude>
    <ClInclude Include="..\..\FreeType\include\freetype\config\ftheader.h">
      <Filter>Header Files</Filter>
    </ClInclude>
    <ClInclude Include="..\..\FreeType\include\freetype\config\ftmodule.h">
      <Filter>Header Files</Filter>
    </ClInclude>
    <ClInclude Include="..\..\FreeType\include\freetype\config\ftoption.h">
      <Filter>Header Files</Filter>
    </ClInclude>
    <ClInclude Include="..\..\FreeType\include\freetype\config\ftstdlib.h">
      <Filter>Header Files</Filter>
    </ClInclude>
  </ItemGroup>
</Project>