<?xml version="1.0" encoding="utf-8"?>
<Project ToolsVersion="4.0" xmlns="http://schemas.microsoft.com/developer/msbuild/2003">
  <ItemGroup>
    <Filter Include="Source Files">
      <UniqueIdentifier>{4FC737F1-C7A5-4376-A066-2A32D752A2FF}</UniqueIdentifier>
      <Extensions>cpp;c;cxx;def;odl;idl;hpj;bat;asm;asmx</Extensions>
    </Filter>
    <Filter Include="Header Files">
      <UniqueIdentifier>{93995380-89BD-4b04-88EB-625FBE52EBFB}</UniqueIdentifier>
      <Extensions>h;hpp;hxx;hm;inl;inc;xsd</Extensions>
    </Filter>
    <Filter Include="Camera">
      <UniqueIdentifier>{75307f6b-1721-4ebd-bd3a-c2ec1345a2fd}</UniqueIdentifier>
    </Filter>
    <Filter Include="Object">
      <UniqueIdentifier>{117282f1-ba98-4d15-ae5c-f67b686a32ae}</UniqueIdentifier>
    </Filter>
  </ItemGroup>
  <ItemGroup>
    <ClCompile Include="DebugPanel.cpp">
      <Filter>Source Files</Filter>
    </ClCompile>
    <ClCompile Include="Global.cpp">
      <Filter>Source Files</Filter>
    </ClCompile>
    <ClCompile Include="Render.cpp">
      <Filter>Source Files</Filter>
    </ClCompile>
    <ClCompile Include="RenderSystem.cpp">
      <Filter>Source Files</Filter>
    </ClCompile>
    <ClCompile Include="ResourceLoadListener.cpp">
      <Filter>Source Files</Filter>
    </ClCompile>
    <ClCompile Include="ResourceProvider.cpp">
      <Filter>Source Files</Filter>
    </ClCompile>
    <ClCompile Include="RFFakeObjectManager.cpp">
      <Filter>Source Files</Filter>
    </ClCompile>
    <ClCompile Include="stdafx.cpp">
      <Filter>Source Files</Filter>
    </ClCompile>
    <ClCompile Include="TerrainGrid.cpp">
      <Filter>Source Files</Filter>
    </ClCompile>
    <ClCompile Include="WXObj_ProjTex.cpp">
      <Filter>Source Files</Filter>
    </ClCompile>
    <ClCompile Include="Camera\Camera.cpp">
      <Filter>Camera</Filter>
    </ClCompile>
    <ClCompile Include="Camera\Camera_CharSel.cpp">
      <Filter>Camera</Filter>
    </ClCompile>
    <ClCompile Include="Camera\Camera_Scene.cpp">
      <Filter>Camera</Filter>
    </ClCompile>
    <ClCompile Include="Object\RFObj.cpp">
      <Filter>Object</Filter>
    </ClCompile>
    <ClCompile Include="Object\RFObj_Actor.cpp">
      <Filter>Object</Filter>
    </ClCompile>
    <ClCompile Include="Object\RFObj_Model.cpp">
      <Filter>Object</Filter>
    </ClCompile>
    <ClCompile Include="Object\RFObj_Static.cpp">
      <Filter>Object</Filter>
    </ClCompile>
    <ClCompile Include="Object\RFObjDummy.cpp">
      <Filter>Object</Filter>
    </ClCompile>
    <ClCompile Include="Object\RFObject.cpp">
      <Filter>Object</Filter>
    </ClCompile>
  </ItemGroup>
  <ItemGroup>
    <None Include="WXRender.def">
      <Filter>Source Files</Filter>
    </None>
  </ItemGroup>
  <ItemGroup>
    <ClInclude Include="DebugPanel.h">
      <Filter>Header Files</Filter>
    </ClInclude>
    <ClInclude Include="Global.h">
      <Filter>Header Files</Filter>
    </ClInclude>
    <ClInclude Include="RenderSystem.h">
      <Filter>Header Files</Filter>
    </ClInclude>
    <ClInclude Include="resource.h">
      <Filter>Header Files</Filter>
    </ClInclude>
    <ClInclude Include="ResourceLoadListener.h">
      <Filter>Header Files</Filter>
    </ClInclude>
    <ClInclude Include="ResourceProvider.h">
      <Filter>Header Files</Filter>
    </ClInclude>
    <ClInclude Include="RFFakeObjectManager.h">
      <Filter>Header Files</Filter>
    </ClInclude>
    <ClInclude Include="stdafx.h">
      <Filter>Header Files</Filter>
    </ClInclude>
    <ClInclude Include="TerrainGrid.h">
      <Filter>Header Files</Filter>
    </ClInclude>
    <ClInclude Include="WXObj_ProjTex.h">
      <Filter>Header Files</Filter>
    </ClInclude>
    <ClInclude Include="Camera\Camera.h">
      <Filter>Camera</Filter>
    </ClInclude>
    <ClInclude Include="Camera\Camera_CharSel.h">
      <Filter>Camera</Filter>
    </ClInclude>
    <ClInclude Include="Camera\Camera_Scene.h">
      <Filter>Camera</Filter>
    </ClInclude>
    <ClInclude Include="Object\RFObj.h">
      <Filter>Object</Filter>
    </ClInclude>
    <ClInclude Include="Object\RFObj_Actor.h">
      <Filter>Object</Filter>
    </ClInclude>
    <ClInclude Include="Object\RFObj_Model.h">
      <Filter>Object</Filter>
    </ClInclude>
    <ClInclude Include="Object\RFObj_Static.h">
      <Filter>Object</Filter>
    </ClInclude>
    <ClInclude Include="Object\RFObjDummy.h">
      <Filter>Object</Filter>
    </ClInclude>
    <ClInclude Include="Object\RFObject.h">
      <Filter>Object</Filter>
    </ClInclude>
  </ItemGroup>
</Project>