Microsoft Visual Studio Solution File, Format Version 8.00
Project("{8BC9CEB8-8B4A-11D0-8D11-00A0C91BC942}") = "example", "example.vcproj", "{A28BA13B-93BA-4016-9D50-D3B32629431C}"
	ProjectSection(ProjectDependencies) = postProject
		{590690FB-A106-4E68-82D6-63C61B5D7D18} = {590690FB-A106-4E68-82D6-63C61B5D7D18}
	EndProjectSection
EndProject
Project("{8BC9CEB8-8B4A-11D0-8D11-00A0C91BC942}") = "minigzip", "minigzip.vcproj", "{301E6239-48F1-4720-9CDE-5233A7A3F0C9}"
	ProjectSection(ProjectDependencies) = postProject
		{590690FB-A106-4E68-82D6-63C61B5D7D18} = {590690FB-A106-4E68-82D6-63C61B5D7D18}
	EndProjectSection
EndProject
Project("{8BC9CEB8-8B4A-11D0-8D11-00A0C91BC942}") = "zlib", "zlib.vcproj", "{590690FB-A106-4E68-82D6-63C61B5D7D18}"
	ProjectSection(ProjectDependencies) = postProject
	EndProjectSection
EndProject
Global
	GlobalSection(SolutionConfiguration) = preSolution
		DLL ASM Debug = DLL ASM Debug
		DLL ASM Release = DLL ASM Release
		DLL Debug = DLL Debug
		DLL Release = DLL Release
		LIB ASM Debug = LIB ASM Debug
		LIB ASM Release = LIB ASM Release
		LIB Debug = LIB Debug
		LIB Release = LIB Release
	EndGlobalSection
	GlobalSection(ProjectConfiguration) = postSolution
		{A28BA13B-93BA-4016-9D50-D3B32629431C}.DLL ASM Debug.ActiveCfg = DLL ASM Debug|Win32
		{A28BA13B-93BA-4016-9D50-D3B32629431C}.DLL ASM Debug.Build.0 = DLL ASM Debug|Win32
		{A28BA13B-93BA-4016-9D50-D3B32629431C}.DLL ASM Release.ActiveCfg = DLL ASM Release|Win32
		{A28BA13B-93BA-4016-9D50-D3B32629431C}.DLL ASM Release.Build.0 = DLL ASM Release|Win32
		{A28BA13B-93BA-4016-9D50-D3B32629431C}.DLL Debug.ActiveCfg = DLL Debug|Win32
		{A28BA13B-93BA-4016-9D50-D3B32629431C}.DLL Debug.Build.0 = DLL Debug|Win32
		{A28BA13B-93BA-4016-9D50-D3B32629431C}.DLL Release.ActiveCfg = DLL Release|Win32
		{A28BA13B-93BA-4016-9D50-D3B32629431C}.DLL Release.Build.0 = DLL Release|Win32
		{A28BA13B-93BA-4016-9D50-D3B32629431C}.LIB ASM Debug.ActiveCfg = LIB ASM Debug|Win32
		{A28BA13B-93BA-4016-9D50-D3B32629431C}.LIB ASM Debug.Build.0 = LIB ASM Debug|Win32
		{A28BA13B-93BA-4016-9D50-D3B32629431C}.LIB ASM Release.ActiveCfg = LIB ASM Release|Win32
		{A28BA13B-93BA-4016-9D50-D3B32629431C}.LIB ASM Release.Build.0 = LIB ASM Release|Win32
		{A28BA13B-93BA-4016-9D50-D3B32629431C}.LIB Debug.ActiveCfg = LIB Debug|Win32
		{A28BA13B-93BA-4016-9D50-D3B32629431C}.LIB Debug.Build.0 = LIB Debug|Win32
		{A28BA13B-93BA-4016-9D50-D3B32629431C}.LIB Release.ActiveCfg = LIB Release|Win32
		{A28BA13B-93BA-4016-9D50-D3B32629431C}.LIB Release.Build.0 = LIB Release|Win32
		{301E6239-48F1-4720-9CDE-5233A7A3F0C9}.DLL ASM Debug.ActiveCfg = DLL ASM Debug|Win32
		{301E6239-48F1-4720-9CDE-5233A7A3F0C9}.DLL ASM Debug.Build.0 = DLL ASM Debug|Win32
		{301E6239-48F1-4720-9CDE-5233A7A3F0C9}.DLL ASM Release.ActiveCfg = DLL ASM Release|Win32
		{301E6239-48F1-4720-9CDE-5233A7A3F0C9}.DLL ASM Release.Build.0 = DLL ASM Release|Win32
		{301E6239-48F1-4720-9CDE-5233A7A3F0C9}.DLL Debug.ActiveCfg = DLL Debug|Win32
		{301E6239-48F1-4720-9CDE-5233A7A3F0C9}.DLL Debug.Build.0 = DLL Debug|Win32
		{301E6239-48F1-4720-9CDE-5233A7A3F0C9}.DLL Release.ActiveCfg = DLL Release|Win32
		{301E6239-48F1-4720-9CDE-5233A7A3F0C9}.DLL Release.Build.0 = DLL Release|Win32
		{301E6239-48F1-4720-9CDE-5233A7A3F0C9}.LIB ASM Debug.ActiveCfg = LIB ASM Debug|Win32
		{301E6239-48F1-4720-9CDE-5233A7A3F0C9}.LIB ASM Debug.Build.0 = LIB ASM Debug|Win32
		{301E6239-48F1-4720-9CDE-5233A7A3F0C9}.LIB ASM Release.ActiveCfg = LIB ASM Release|Win32
		{301E6239-48F1-4720-9CDE-5233A7A3F0C9}.LIB ASM Release.Build.0 = LIB ASM Release|Win32
		{301E6239-48F1-4720-9CDE-5233A7A3F0C9}.LIB Debug.ActiveCfg = LIB Debug|Win32
		{301E6239-48F1-4720-9CDE-5233A7A3F0C9}.LIB Debug.Build.0 = LIB Debug|Win32
		{301E6239-48F1-4720-9CDE-5233A7A3F0C9}.LIB Release.ActiveCfg = LIB Release|Win32
		{301E6239-48F1-4720-9CDE-5233A7A3F0C9}.LIB Release.Build.0 = LIB Release|Win32
		{590690FB-A106-4E68-82D6-63C61B5D7D18}.DLL ASM Debug.ActiveCfg = DLL ASM Debug|Win32
		{590690FB-A106-4E68-82D6-63C61B5D7D18}.DLL ASM Debug.Build.0 = DLL ASM Debug|Win32
		{590690FB-A106-4E68-82D6-63C61B5D7D18}.DLL ASM Release.ActiveCfg = DLL ASM Release|Win32
		{590690FB-A106-4E68-82D6-63C61B5D7D18}.DLL ASM Release.Build.0 = DLL ASM Release|Win32
		{590690FB-A106-4E68-82D6-63C61B5D7D18}.DLL Debug.ActiveCfg = DLL Debug|Win32
		{590690FB-A106-4E68-82D6-63C61B5D7D18}.DLL Debug.Build.0 = DLL Debug|Win32
		{590690FB-A106-4E68-82D6-63C61B5D7D18}.DLL Release.ActiveCfg = DLL Release|Win32
		{590690FB-A106-4E68-82D6-63C61B5D7D18}.DLL Release.Build.0 = DLL Release|Win32
		{590690FB-A106-4E68-82D6-63C61B5D7D18}.LIB ASM Debug.ActiveCfg = LIB ASM Debug|Win32
		{590690FB-A106-4E68-82D6-63C61B5D7D18}.LIB ASM Debug.Build.0 = LIB ASM Debug|Win32
		{590690FB-A106-4E68-82D6-63C61B5D7D18}.LIB ASM Release.ActiveCfg = LIB ASM Release|Win32
		{590690FB-A106-4E68-82D6-63C61B5D7D18}.LIB ASM Release.Build.0 = LIB ASM Release|Win32
		{590690FB-A106-4E68-82D6-63C61B5D7D18}.LIB Debug.ActiveCfg = LIB Debug|Win32
		{590690FB-A106-4E68-82D6-63C61B5D7D18}.LIB Debug.Build.0 = LIB Debug|Win32
		{590690FB-A106-4E68-82D6-63C61B5D7D18}.LIB Release.ActiveCfg = LIB Release|Win32
		{590690FB-A106-4E68-82D6-63C61B5D7D18}.LIB Release.Build.0 = LIB Release|Win32
	EndGlobalSection
	GlobalSection(ExtensibilityGlobals) = postSolution
	EndGlobalSection
	GlobalSection(ExtensibilityAddIns) = postSolution
	EndGlobalSection
EndGlobal
